// !$*UTF8*$!
{
	archiveVersion = 1;
	classes = {
	};
	objectVersion = 51;
	objects = {

/* Begin PBXBuildFile section */
		0632F96F13CC3793C1E90494 /* Pods_MapWorld_Swift.framework in Frameworks */ = {isa = PBXBuildFile; fileRef = 33CDE896F6737772EC327D77 /* Pods_MapWorld_Swift.framework */; };
		2E08C0FE22C48C47003A68A7 /* AppDelegate.swift in Sources */ = {isa = PBXBuildFile; fileRef = 2E08C0FD22C48C47003A68A7 /* AppDelegate.swift */; };
		2E08C10022C48C47003A68A7 /* ViewController.swift in Sources */ = {isa = PBXBuildFile; fileRef = 2E08C0FF22C48C47003A68A7 /* ViewController.swift */; };
		2E08C10322C48C47003A68A7 /* Main.storyboard in Resources */ = {isa = PBXBuildFile; fileRef = 2E08C10122C48C47003A68A7 /* Main.storyboard */; };
		2E08C10522C48C48003A68A7 /* Assets.xcassets in Resources */ = {isa = PBXBuildFile; fileRef = 2E08C10422C48C48003A68A7 /* Assets.xcassets */; };
		2E08C10822C48C48003A68A7 /* LaunchScreen.storyboard in Resources */ = {isa = PBXBuildFile; fileRef = 2E08C10622C48C48003A68A7 /* LaunchScreen.storyboard */; };
		2E08C11322C48C48003A68A7 /* MapWorld_SwiftTests.swift in Sources */ = {isa = PBXBuildFile; fileRef = 2E08C11222C48C48003A68A7 /* MapWorld_SwiftTests.swift */; };
		2E08C11E22C48C48003A68A7 /* MapWorld_SwiftUITests.swift in Sources */ = {isa = PBXBuildFile; fileRef = 2E08C11D22C48C48003A68A7 /* MapWorld_SwiftUITests.swift */; };
		2E08C12F22C48D82003A68A7 /* TianDiTuLayerInfo.swift in Sources */ = {isa = PBXBuildFile; fileRef = 2E08C12D22C48D82003A68A7 /* TianDiTuLayerInfo.swift */; };
		2E08C13022C48D82003A68A7 /* TianDiTuLayer.swift in Sources */ = {isa = PBXBuildFile; fileRef = 2E08C12E22C48D82003A68A7 /* TianDiTuLayer.swift */; };
		2E08C13322C49BDC003A68A7 /* GISMapTool.swift in Sources */ = {isa = PBXBuildFile; fileRef = 2E08C13222C49BDC003A68A7 /* GISMapTool.swift */; };
		2E08C13822C4ABB6003A68A7 /* ZXYButton.swift in Sources */ = {isa = PBXBuildFile; fileRef = 2E08C13722C4ABB6003A68A7 /* ZXYButton.swift */; };
/* End PBXBuildFile section */

/* Begin PBXContainerItemProxy section */
		2E08C10F22C48C48003A68A7 /* PBXContainerItemProxy */ = {
			isa = PBXContainerItemProxy;
			containerPortal = 2E08C0F222C48C47003A68A7 /* Project object */;
			proxyType = 1;
			remoteGlobalIDString = 2E08C0F922C48C47003A68A7;
			remoteInfo = "MapWorld-Swift";
		};
		2E08C11A22C48C48003A68A7 /* PBXContainerItemProxy */ = {
			isa = PBXContainerItemProxy;
			containerPortal = 2E08C0F222C48C47003A68A7 /* Project object */;
			proxyType = 1;
			remoteGlobalIDString = 2E08C0F922C48C47003A68A7;
			remoteInfo = "MapWorld-Swift";
		};
/* End PBXContainerItemProxy section */

/* Begin PBXFileReference section */
		2E08C0FA22C48C47003A68A7 /* MapWorld-Swift.app */ = {isa = PBXFileReference; explicitFileType = wrapper.application; includeInIndex = 0; path = "MapWorld-Swift.app"; sourceTree = BUILT_PRODUCTS_DIR; };
		2E08C0FD22C48C47003A68A7 /* AppDelegate.swift */ = {isa = PBXFileReference; lastKnownFileType = sourcecode.swift; path = AppDelegate.swift; sourceTree = "<group>"; };
		2E08C0FF22C48C47003A68A7 /* ViewController.swift */ = {isa = PBXFileReference; lastKnownFileType = sourcecode.swift; path = ViewController.swift; sourceTree = "<group>"; };
		2E08C10222C48C47003A68A7 /* Base */ = {isa = PBXFileReference; lastKnownFileType = file.storyboard; name = Base; path = Base.lproj/Main.storyboard; sourceTree = "<group>"; };
		2E08C10422C48C48003A68A7 /* Assets.xcassets */ = {isa = PBXFileReference; lastKnownFileType = folder.assetcatalog; path = Assets.xcassets; sourceTree = "<group>"; };
		2E08C10722C48C48003A68A7 /* Base */ = {isa = PBXFileReference; lastKnownFileType = file.storyboard; name = Base; path = Base.lproj/LaunchScreen.storyboard; sourceTree = "<group>"; };
		2E08C10922C48C48003A68A7 /* Info.plist */ = {isa = PBXFileReference; lastKnownFileType = text.plist.xml; path = Info.plist; sourceTree = "<group>"; };
		2E08C10E22C48C48003A68A7 /* MapWorld-SwiftTests.xctest */ = {isa = PBXFileReference; explicitFileType = wrapper.cfbundle; includeInIndex = 0; path = "MapWorld-SwiftTests.xctest"; sourceTree = BUILT_PRODUCTS_DIR; };
		2E08C11222C48C48003A68A7 /* MapWorld_SwiftTests.swift */ = {isa = PBXFileReference; lastKnownFileType = sourcecode.swift; path = MapWorld_SwiftTests.swift; sourceTree = "<group>"; };
		2E08C11422C48C48003A68A7 /* Info.plist */ = {isa = PBXFileReference; lastKnownFileType = text.plist.xml; path = Info.plist; sourceTree = "<group>"; };
		2E08C11922C48C48003A68A7 /* MapWorld-SwiftUITests.xctest */ = {isa = PBXFileReference; explicitFileType = wrapper.cfbundle; includeInIndex = 0; path = "MapWorld-SwiftUITests.xctest"; sourceTree = BUILT_PRODUCTS_DIR; };
		2E08C11D22C48C48003A68A7 /* MapWorld_SwiftUITests.swift */ = {isa = PBXFileReference; lastKnownFileType = sourcecode.swift; path = MapWorld_SwiftUITests.swift; sourceTree = "<group>"; };
		2E08C11F22C48C48003A68A7 /* Info.plist */ = {isa = PBXFileReference; lastKnownFileType = text.plist.xml; path = Info.plist; sourceTree = "<group>"; };
		2E08C12D22C48D82003A68A7 /* TianDiTuLayerInfo.swift */ = {isa = PBXFileReference; fileEncoding = 4; lastKnownFileType = sourcecode.swift; path = TianDiTuLayerInfo.swift; sourceTree = "<group>"; };
		2E08C12E22C48D82003A68A7 /* TianDiTuLayer.swift */ = {isa = PBXFileReference; fileEncoding = 4; lastKnownFileType = sourcecode.swift; path = TianDiTuLayer.swift; sourceTree = "<group>"; };
		2E08C13222C49BDC003A68A7 /* GISMapTool.swift */ = {isa = PBXFileReference; lastKnownFileType = sourcecode.swift; path = GISMapTool.swift; sourceTree = "<group>"; };
		2E08C13722C4ABB6003A68A7 /* ZXYButton.swift */ = {isa = PBXFileReference; lastKnownFileType = sourcecode.swift; path = ZXYButton.swift; sourceTree = "<group>"; };
		33CDE896F6737772EC327D77 /* Pods_MapWorld_Swift.framework */ = {isa = PBXFileReference; explicitFileType = wrapper.framework; includeInIndex = 0; path = Pods_MapWorld_Swift.framework; sourceTree = BUILT_PRODUCTS_DIR; };
		5916B402CD1B43950B645698 /* Pods-MapWorld-Swift.debug.xcconfig */ = {isa = PBXFileReference; includeInIndex = 1; lastKnownFileType = text.xcconfig; name = "Pods-MapWorld-Swift.debug.xcconfig"; path = "Target Support Files/Pods-MapWorld-Swift/Pods-MapWorld-Swift.debug.xcconfig"; sourceTree = "<group>"; };
		BFB01087E44C7F765E3F6F31 /* Pods-MapWorld-Swift.release.xcconfig */ = {isa = PBXFileReference; includeInIndex = 1; lastKnownFileType = text.xcconfig; name = "Pods-MapWorld-Swift.release.xcconfig"; path = "Target Support Files/Pods-MapWorld-Swift/Pods-MapWorld-Swift.release.xcconfig"; sourceTree = "<group>"; };
/* End PBXFileReference section */

/* Begin PBXFrameworksBuildPhase section */
		2E08C0F722C48C47003A68A7 /* Frameworks */ = {
			isa = PBXFrameworksBuildPhase;
			buildActionMask = 2147483647;
			files = (
				0632F96F13CC3793C1E90494 /* Pods_MapWorld_Swift.framework in Frameworks */,
			);
			runOnlyForDeploymentPostprocessing = 0;
		};
		2E08C10B22C48C48003A68A7 /* Frameworks */ = {
			isa = PBXFrameworksBuildPhase;
			buildActionMask = 2147483647;
			files = (
			);
			runOnlyForDeploymentPostprocessing = 0;
		};
		2E08C11622C48C48003A68A7 /* Frameworks */ = {
			isa = PBXFrameworksBuildPhase;
			buildActionMask = 2147483647;
			files = (
			);
			runOnlyForDeploymentPostprocessing = 0;
		};
/* End PBXFrameworksBuildPhase section */

/* Begin PBXGroup section */
		157D0A9A383E1171BBC441DD /* Pods */ = {
			isa = PBXGroup;
			children = (
				5916B402CD1B43950B645698 /* Pods-MapWorld-Swift.debug.xcconfig */,
				BFB01087E44C7F765E3F6F31 /* Pods-MapWorld-Swift.release.xcconfig */,
			);
			path = Pods;
			sourceTree = "<group>";
		};
		2E08C0F122C48C47003A68A7 = {
			isa = PBXGroup;
			children = (
				2E08C0FC22C48C47003A68A7 /* MapWorld-Swift */,
				2E08C11122C48C48003A68A7 /* MapWorld-SwiftTests */,
				2E08C11C22C48C48003A68A7 /* MapWorld-SwiftUITests */,
				2E08C0FB22C48C47003A68A7 /* Products */,
				157D0A9A383E1171BBC441DD /* Pods */,
				835606D2E34449D879D14ED1 /* Frameworks */,
			);
			sourceTree = "<group>";
		};
		2E08C0FB22C48C47003A68A7 /* Products */ = {
			isa = PBXGroup;
			children = (
				2E08C0FA22C48C47003A68A7 /* MapWorld-Swift.app */,
				2E08C10E22C48C48003A68A7 /* MapWorld-SwiftTests.xctest */,
				2E08C11922C48C48003A68A7 /* MapWorld-SwiftUITests.xctest */,
			);
			name = Products;
			sourceTree = "<group>";
		};
		2E08C0FC22C48C47003A68A7 /* MapWorld-Swift */ = {
			isa = PBXGroup;
			children = (
				2E08C12B22C48D82003A68A7 /* Classes */,
				2E08C0FD22C48C47003A68A7 /* AppDelegate.swift */,
				2E08C0FF22C48C47003A68A7 /* ViewController.swift */,
				2E08C10122C48C47003A68A7 /* Main.storyboard */,
				2E08C10422C48C48003A68A7 /* Assets.xcassets */,
				2E08C10622C48C48003A68A7 /* LaunchScreen.storyboard */,
				2E08C10922C48C48003A68A7 /* Info.plist */,
			);
			path = "MapWorld-Swift";
			sourceTree = "<group>";
		};
		2E08C11122C48C48003A68A7 /* MapWorld-SwiftTests */ = {
			isa = PBXGroup;
			children = (
				2E08C11222C48C48003A68A7 /* MapWorld_SwiftTests.swift */,
				2E08C11422C48C48003A68A7 /* Info.plist */,
			);
			path = "MapWorld-SwiftTests";
			sourceTree = "<group>";
		};
		2E08C11C22C48C48003A68A7 /* MapWorld-SwiftUITests */ = {
			isa = PBXGroup;
			children = (
				2E08C11D22C48C48003A68A7 /* MapWorld_SwiftUITests.swift */,
				2E08C11F22C48C48003A68A7 /* Info.plist */,
			);
			path = "MapWorld-SwiftUITests";
			sourceTree = "<group>";
		};
		2E08C12B22C48D82003A68A7 /* Classes */ = {
			isa = PBXGroup;
			children = (
				2E08C13122C49BCB003A68A7 /* GISMapToolUtils */,
				2E08C12C22C48D82003A68A7 /* TianDiTu */,
			);
			path = Classes;
			sourceTree = "<group>";
		};
		2E08C12C22C48D82003A68A7 /* TianDiTu */ = {
			isa = PBXGroup;
			children = (
				2E08C12D22C48D82003A68A7 /* TianDiTuLayerInfo.swift */,
				2E08C12E22C48D82003A68A7 /* TianDiTuLayer.swift */,
			);
			path = TianDiTu;
			sourceTree = "<group>";
		};
		2E08C13122C49BCB003A68A7 /* GISMapToolUtils */ = {
			isa = PBXGroup;
			children = (
				2E08C13222C49BDC003A68A7 /* GISMapTool.swift */,
				2E08C13722C4ABB6003A68A7 /* ZXYButton.swift */,
			);
			path = GISMapToolUtils;
			sourceTree = "<group>";
		};
		835606D2E34449D879D14ED1 /* Frameworks */ = {
			isa = PBXGroup;
			children = (
				33CDE896F6737772EC327D77 /* Pods_MapWorld_Swift.framework */,
			);
			name = Frameworks;
			sourceTree = "<group>";
		};
/* End PBXGroup section */

/* Begin PBXNativeTarget section */
		2E08C0F922C48C47003A68A7 /* MapWorld-Swift */ = {
			isa = PBXNativeTarget;
			buildConfigurationList = 2E08C12222C48C48003A68A7 /* Build configuration list for PBXNativeTarget "MapWorld-Swift" */;
			buildPhases = (
				2A10C8CAEA127000F159782C /* [CP] Check Pods Manifest.lock */,
				2E08C0F622C48C47003A68A7 /* Sources */,
				2E08C0F722C48C47003A68A7 /* Frameworks */,
				2E08C0F822C48C47003A68A7 /* Resources */,
				AAB65F48C80C23B41B07AF01 /* [CP] Embed Pods Frameworks */,
			);
			buildRules = (
			);
			dependencies = (
			);
			name = "MapWorld-Swift";
			productName = "MapWorld-Swift";
			productReference = 2E08C0FA22C48C47003A68A7 /* MapWorld-Swift.app */;
			productType = "com.apple.product-type.application";
		};
		2E08C10D22C48C48003A68A7 /* MapWorld-SwiftTests */ = {
			isa = PBXNativeTarget;
			buildConfigurationList = 2E08C12522C48C48003A68A7 /* Build configuration list for PBXNativeTarget "MapWorld-SwiftTests" */;
			buildPhases = (
				2E08C10A22C48C48003A68A7 /* Sources */,
				2E08C10B22C48C48003A68A7 /* Frameworks */,
				2E08C10C22C48C48003A68A7 /* Resources */,
			);
			buildRules = (
			);
			dependencies = (
				2E08C11022C48C48003A68A7 /* PBXTargetDependency */,
			);
			name = "MapWorld-SwiftTests";
			productName = "MapWorld-SwiftTests";
			productReference = 2E08C10E22C48C48003A68A7 /* MapWorld-SwiftTests.xctest */;
			productType = "com.apple.product-type.bundle.unit-test";
		};
		2E08C11822C48C48003A68A7 /* MapWorld-SwiftUITests */ = {
			isa = PBXNativeTarget;
			buildConfigurationList = 2E08C12822C48C48003A68A7 /* Build configuration list for PBXNativeTarget "MapWorld-SwiftUITests" */;
			buildPhases = (
				2E08C11522C48C48003A68A7 /* Sources */,
				2E08C11622C48C48003A68A7 /* Frameworks */,
				2E08C11722C48C48003A68A7 /* Resources */,
			);
			buildRules = (
			);
			dependencies = (
				2E08C11B22C48C48003A68A7 /* PBXTargetDependency */,
			);
			name = "MapWorld-SwiftUITests";
			productName = "MapWorld-SwiftUITests";
			productReference = 2E08C11922C48C48003A68A7 /* MapWorld-SwiftUITests.xctest */;
			productType = "com.apple.product-type.bundle.ui-testing";
		};
/* End PBXNativeTarget section */

/* Begin PBXProject section */
		2E08C0F222C48C47003A68A7 /* Project object */ = {
			isa = PBXProject;
			attributes = {
				LastSwiftUpdateCheck = 1020;
				LastUpgradeCheck = 1020;
				ORGANIZATIONNAME = zhangxiaoye;
				TargetAttributes = {
					2E08C0F922C48C47003A68A7 = {
						CreatedOnToolsVersion = 10.2.1;
					};
					2E08C10D22C48C48003A68A7 = {
						CreatedOnToolsVersion = 10.2.1;
						TestTargetID = 2E08C0F922C48C47003A68A7;
					};
					2E08C11822C48C48003A68A7 = {
						CreatedOnToolsVersion = 10.2.1;
						TestTargetID = 2E08C0F922C48C47003A68A7;
					};
				};
			};
			buildConfigurationList = 2E08C0F522C48C47003A68A7 /* Build configuration list for PBXProject "MapWorld-Swift" */;
			compatibilityVersion = "Xcode 9.3";
			developmentRegion = en;
			hasScannedForEncodings = 0;
			knownRegions = (
				en,
				Base,
			);
			mainGroup = 2E08C0F122C48C47003A68A7;
			productRefGroup = 2E08C0FB22C48C47003A68A7 /* Products */;
			projectDirPath = "";
			projectRoot = "";
			targets = (
				2E08C0F922C48C47003A68A7 /* MapWorld-Swift */,
				2E08C10D22C48C48003A68A7 /* MapWorld-SwiftTests */,
				2E08C11822C48C48003A68A7 /* MapWorld-SwiftUITests */,
			);
		};
/* End PBXProject section */

/* Begin PBXResourcesBuildPhase section */
		2E08C0F822C48C47003A68A7 /* Resources */ = {
			isa = PBXResourcesBuildPhase;
			buildActionMask = 2147483647;
			files = (
				2E08C10822C48C48003A68A7 /* LaunchScreen.storyboard in Resources */,
				2E08C10522C48C48003A68A7 /* Assets.xcassets in Resources */,
				2E08C10322C48C47003A68A7 /* Main.storyboard in Resources */,
			);
			runOnlyForDeploymentPostprocessing = 0;
		};
		2E08C10C22C48C48003A68A7 /* Resources */ = {
			isa = PBXResourcesBuildPhase;
			buildActionMask = 2147483647;
			files = (
			);
			runOnlyForDeploymentPostprocessing = 0;
		};
		2E08C11722C48C48003A68A7 /* Resources */ = {
			isa = PBXResourcesBuildPhase;
			buildActionMask = 2147483647;
			files = (
			);
			runOnlyForDeploymentPostprocessing = 0;
		};
/* End PBXResourcesBuildPhase section */

/* Begin PBXShellScriptBuildPhase section */
		2A10C8CAEA127000F159782C /* [CP] Check Pods Manifest.lock */ = {
			isa = PBXShellScriptBuildPhase;
			buildActionMask = 2147483647;
			files = (
			);
			inputFileListPaths = (
			);
			inputPaths = (
				"${PODS_PODFILE_DIR_PATH}/Podfile.lock",
				"${PODS_ROOT}/Manifest.lock",
			);
			name = "[CP] Check Pods Manifest.lock";
			outputFileListPaths = (
			);
			outputPaths = (
				"$(DERIVED_FILE_DIR)/Pods-MapWorld-Swift-checkManifestLockResult.txt",
			);
			runOnlyForDeploymentPostprocessing = 0;
			shellPath = /bin/sh;
			shellScript = "diff \"${PODS_PODFILE_DIR_PATH}/Podfile.lock\" \"${PODS_ROOT}/Manifest.lock\" > /dev/null\nif [ $? != 0 ] ; then\n    # print error to STDERR\n    echo \"error: The sandbox is not in sync with the Podfile.lock. Run 'pod install' or update your CocoaPods installation.\" >&2\n    exit 1\nfi\n# This output is used by Xcode 'outputs' to avoid re-running this script phase.\necho \"SUCCESS\" > \"${SCRIPT_OUTPUT_FILE_0}\"\n";
			showEnvVarsInLog = 0;
		};
		AAB65F48C80C23B41B07AF01 /* [CP] Embed Pods Frameworks */ = {
			isa = PBXShellScriptBuildPhase;
			buildActionMask = 2147483647;
			files = (
			);
			inputFileListPaths = (
				"${PODS_ROOT}/Target Support Files/Pods-MapWorld-Swift/Pods-MapWorld-Swift-frameworks-${CONFIGURATION}-input-files.xcfilelist",
			);
			name = "[CP] Embed Pods Frameworks";
			outputFileListPaths = (
				"${PODS_ROOT}/Target Support Files/Pods-MapWorld-Swift/Pods-MapWorld-Swift-frameworks-${CONFIGURATION}-output-files.xcfilelist",
			);
			runOnlyForDeploymentPostprocessing = 0;
			shellPath = /bin/sh;
			shellScript = "\"${PODS_ROOT}/Target Support Files/Pods-MapWorld-Swift/Pods-MapWorld-Swift-frameworks.sh\"\n";
			showEnvVarsInLog = 0;
		};
/* End PBXShellScriptBuildPhase section */

/* Begin PBXSourcesBuildPhase section */
		2E08C0F622C48C47003A68A7 /* Sources */ = {
			isa = PBXSourcesBuildPhase;
			buildActionMask = 2147483647;
			files = (
				2E08C13322C49BDC003A68A7 /* GISMapTool.swift in Sources */,
				2E08C13822C4ABB6003A68A7 /* ZXYButton.swift in Sources */,
				2E08C12F22C48D82003A68A7 /* TianDiTuLayerInfo.swift in Sources */,
				2E08C13022C48D82003A68A7 /* TianDiTuLayer.swift in Sources */,
				2E08C10022C48C47003A68A7 /* ViewController.swift in Sources */,
				2E08C0FE22C48C47003A68A7 /* AppDelegate.swift in Sources */,
			);
			runOnlyForDeploymentPostprocessing = 0;
		};
		2E08C10A22C48C48003A68A7 /* Sources */ = {
			isa = PBXSourcesBuildPhase;
			buildActionMask = 2147483647;
			files = (
				2E08C11322C48C48003A68A7 /* MapWorld_SwiftTests.swift in Sources */,
			);
			runOnlyForDeploymentPostprocessing = 0;
		};
		2E08C11522C48C48003A68A7 /* Sources */ = {
			isa = PBXSourcesBuildPhase;
			buildActionMask = 2147483647;
			files = (
				2E08C11E22C48C48003A68A7 /* MapWorld_SwiftUITests.swift in Sources */,
			);
			runOnlyForDeploymentPostprocessing = 0;
		};
/* End PBXSourcesBuildPhase section */

/* Begin PBXTargetDependency section */
		2E08C11022C48C48003A68A7 /* PBXTargetDependency */ = {
			isa = PBXTargetDependency;
			target = 2E08C0F922C48C47003A68A7 /* MapWorld-Swift */;
			targetProxy = 2E08C10F22C48C48003A68A7 /* PBXContainerItemProxy */;
		};
		2E08C11B22C48C48003A68A7 /* PBXTargetDependency */ = {
			isa = PBXTargetDependency;
			target = 2E08C0F922C48C47003A68A7 /* MapWorld-Swift */;
			targetProxy = 2E08C11A22C48C48003A68A7 /* PBXContainerItemProxy */;
		};
/* End PBXTargetDependency section */

/* Begin PBXVariantGroup section */
		2E08C10122C48C47003A68A7 /* Main.storyboard */ = {
			isa = PBXVariantGroup;
			children = (
				2E08C10222C48C47003A68A7 /* Base */,
			);
			name = Main.storyboard;
			sourceTree = "<group>";
		};
		2E08C10622C48C48003A68A7 /* LaunchScreen.storyboard */ = {
			isa = PBXVariantGroup;
			children = (
				2E08C10722C48C48003A68A7 /* Base */,
			);
			name = LaunchScreen.storyboard;
			sourceTree = "<group>";
		};
/* End PBXVariantGroup section */

/* Begin XCBuildConfiguration section */
		2E08C12022C48C48003A68A7 /* Debug */ = {
			isa = XCBuildConfiguration;
			buildSettings = {
				ALWAYS_SEARCH_USER_PATHS = NO;
				CLANG_ANALYZER_NONNULL = YES;
				CLANG_ANALYZER_NUMBER_OBJECT_CONVERSION = YES_AGGRESSIVE;
				CLANG_CXX_LANGUAGE_STANDARD = "gnu++14";
				CLANG_CXX_LIBRARY = "libc++";
				CLANG_ENABLE_MODULES = YES;
				CLANG_ENABLE_OBJC_ARC = YES;
				CLANG_ENABLE_OBJC_WEAK = YES;
				CLANG_WARN_BLOCK_CAPTURE_AUTORELEASING = YES;
				CLANG_WARN_BOOL_CONVERSION = YES;
				CLANG_WARN_COMMA = YES;
				CLANG_WARN_CONSTANT_CONVERSION = YES;
				CLANG_WARN_DEPRECATED_OBJC_IMPLEMENTATIONS = YES;
				CLANG_WARN_DIRECT_OBJC_ISA_USAGE = YES_ERROR;
				CLANG_WARN_DOCUMENTATION_COMMENTS = YES;
				CLANG_WARN_EMPTY_BODY = YES;
				CLANG_WARN_ENUM_CONVERSION = YES;
				CLANG_WARN_INFINITE_RECURSION = YES;
				CLANG_WARN_INT_CONVERSION = YES;
				CLANG_WARN_NON_LITERAL_NULL_CONVERSION = YES;
				CLANG_WARN_OBJC_IMPLICIT_RETAIN_SELF = YES;
				CLANG_WARN_OBJC_LITERAL_CONVERSION = YES;
				CLANG_WARN_OBJC_ROOT_CLASS = YES_ERROR;
				CLANG_WARN_RANGE_LOOP_ANALYSIS = YES;
				CLANG_WARN_STRICT_PROTOTYPES = YES;
				CLANG_WARN_SUSPICIOUS_MOVE = YES;
				CLANG_WARN_UNGUARDED_AVAILABILITY = YES_AGGRESSIVE;
				CLANG_WARN_UNREACHABLE_CODE = YES;
				CLANG_WARN__DUPLICATE_METHOD_MATCH = YES;
				CODE_SIGN_IDENTITY = "iPhone Developer";
				COPY_PHASE_STRIP = NO;
				DEBUG_INFORMATION_FORMAT = dwarf;
				ENABLE_STRICT_OBJC_MSGSEND = YES;
				ENABLE_TESTABILITY = YES;
				GCC_C_LANGUAGE_STANDARD = gnu11;
				GCC_DYNAMIC_NO_PIC = NO;
				GCC_NO_COMMON_BLOCKS = YES;
				GCC_OPTIMIZATION_LEVEL = 0;
				GCC_PREPROCESSOR_DEFINITIONS = (
					"DEBUG=1",
					"$(inherited)",
				);
				GCC_WARN_64_TO_32_BIT_CONVERSION = YES;
				GCC_WARN_ABOUT_RETURN_TYPE = YES_ERROR;
				GCC_WARN_UNDECLARED_SELECTOR = YES;
				GCC_WARN_UNINITIALIZED_AUTOS = YES_AGGRESSIVE;
				GCC_WARN_UNUSED_FUNCTION = YES;
				GCC_WARN_UNUSED_VARIABLE = YES;
				IPHONEOS_DEPLOYMENT_TARGET = 12.2;
				MTL_ENABLE_DEBUG_INFO = INCLUDE_SOURCE;
				MTL_FAST_MATH = YES;
				ONLY_ACTIVE_ARCH = YES;
				SDKROOT = iphoneos;
				SWIFT_ACTIVE_COMPILATION_CONDITIONS = DEBUG;
				SWIFT_OPTIMIZATION_LEVEL = "-Onone";
			};
			name = Debug;
		};
		2E08C12122C48C48003A68A7 /* Release */ = {
			isa = XCBuildConfiguration;
			buildSettings = {
				ALWAYS_SEARCH_USER_PATHS = NO;
				CLANG_ANALYZER_NONNULL = YES;
				CLANG_ANALYZER_NUMBER_OBJECT_CONVERSION = YES_AGGRESSIVE;
				CLANG_CXX_LANGUAGE_STANDARD = "gnu++14";
				CLANG_CXX_LIBRARY = "libc++";
				CLANG_ENABLE_MODULES = YES;
				CLANG_ENABLE_OBJC_ARC = YES;
				CLANG_ENABLE_OBJC_WEAK = YES;
				CLANG_WARN_BLOCK_CAPTURE_AUTORELEASING = YES;
				CLANG_WARN_BOOL_CONVERSION = YES;
				CLANG_WARN_COMMA = YES;
				CLANG_WARN_CONSTANT_CONVERSION = YES;
				CLANG_WARN_DEPRECATED_OBJC_IMPLEMENTATIONS = YES;
				CLANG_WARN_DIRECT_OBJC_ISA_USAGE = YES_ERROR;
				CLANG_WARN_DOCUMENTATION_COMMENTS = YES;
				CLANG_WARN_EMPTY_BODY = YES;
				CLANG_WARN_ENUM_CONVERSION = YES;
				CLANG_WARN_INFINITE_RECURSION = YES;
				CLANG_WARN_INT_CONVERSION = YES;
				CLANG_WARN_NON_LITERAL_NULL_CONVERSION = YES;
				CLANG_WARN_OBJC_IMPLICIT_RETAIN_SELF = YES;
				CLANG_WARN_OBJC_LITERAL_CONVERSION = YES;
				CLANG_WARN_OBJC_ROOT_CLASS = YES_ERROR;
				CLANG_WARN_RANGE_LOOP_ANALYSIS = YES;
				CLANG_WARN_STRICT_PROTOTYPES = YES;
				CLANG_WARN_SUSPICIOUS_MOVE = YES;
				CLANG_WARN_UNGUARDED_AVAILABILITY = YES_AGGRESSIVE;
				CLANG_WARN_UNREACHABLE_CODE = YES;
				CLANG_WARN__DUPLICATE_METHOD_MATCH = YES;
				CODE_SIGN_IDENTITY = "iPhone Developer";
				COPY_PHASE_STRIP = NO;
				DEBUG_INFORMATION_FORMAT = "dwarf-with-dsym";
				ENABLE_NS_ASSERTIONS = NO;
				ENABLE_STRICT_OBJC_MSGSEND = YES;
				GCC_C_LANGUAGE_STANDARD = gnu11;
				GCC_NO_COMMON_BLOCKS = YES;
				GCC_WARN_64_TO_32_BIT_CONVERSION = YES;
				GCC_WARN_ABOUT_RETURN_TYPE = YES_ERROR;
				GCC_WARN_UNDECLARED_SELECTOR = YES;
				GCC_WARN_UNINITIALIZED_AUTOS = YES_AGGRESSIVE;
				GCC_WARN_UNUSED_FUNCTION = YES;
				GCC_WARN_UNUSED_VARIABLE = YES;
				IPHONEOS_DEPLOYMENT_TARGET = 12.2;
				MTL_ENABLE_DEBUG_INFO = NO;
				MTL_FAST_MATH = YES;
				SDKROOT = iphoneos;
				SWIFT_COMPILATION_MODE = wholemodule;
				SWIFT_OPTIMIZATION_LEVEL = "-O";
				VALIDATE_PRODUCT = YES;
			};
			name = Release;
		};
		2E08C12322C48C48003A68A7 /* Debug */ = {
			isa = XCBuildConfiguration;
			baseConfigurationReference = 5916B402CD1B43950B645698 /* Pods-MapWorld-Swift.debug.xcconfig */;
			buildSettings = {
				ASSETCATALOG_COMPILER_APPICON_NAME = AppIcon;
				CODE_SIGN_STYLE = Automatic;
				DEVELOPMENT_TEAM = 44VU4UWP68;
				INFOPLIST_FILE = "MapWorld-Swift/Info.plist";
				LD_RUNPATH_SEARCH_PATHS = (
					"$(inherited)",
					"@executable_path/Frameworks",
				);
				PRODUCT_BUNDLE_IDENTIFIER = "com.china-ccw.MapWorld-Swift";
				PRODUCT_NAME = "$(TARGET_NAME)";
				SWIFT_VERSION = 5.0;
				TARGETED_DEVICE_FAMILY = "1,2";
			};
			name = Debug;
		};
		2E08C12422C48C48003A68A7 /* Release */ = {
			isa = XCBuildConfiguration;
			baseConfigurationReference = BFB01087E44C7F765E3F6F31 /* Pods-MapWorld-Swift.release.xcconfig */;
			buildSettings = {
				ASSETCATALOG_COMPILER_APPICON_NAME = AppIcon;
				CODE_SIGN_STYLE = Automatic;
				DEVELOPMENT_TEAM = 44VU4UWP68;
				INFOPLIST_FILE = "MapWorld-Swift/Info.plist";
				LD_RUNPATH_SEARCH_PATHS = (
					"$(inherited)",
					"@executable_path/Frameworks",
				);
				PRODUCT_BUNDLE_IDENTIFIER = "com.china-ccw.MapWorld-Swift";
				PRODUCT_NAME = "$(TARGET_NAME)";
				SWIFT_VERSION = 5.0;
				TARGETED_DEVICE_FAMILY = "1,2";
			};
			name = Release;
		};
		2E08C12622C48C48003A68A7 /* Debug */ = {
			isa = XCBuildConfiguration;
			buildSettings = {
				ALWAYS_EMBED_SWIFT_STANDARD_LIBRARIES = YES;
				BUNDLE_LOADER = "$(TEST_HOST)";
				CODE_SIGN_STYLE = Automatic;
				DEVELOPMENT_TEAM = 44VU4UWP68;
				INFOPLIST_FILE = "MapWorld-SwiftTests/Info.plist";
				LD_RUNPATH_SEARCH_PATHS = (
					"$(inherited)",
					"@executable_path/Frameworks",
					"@loader_path/Frameworks",
				);
				PRODUCT_BUNDLE_IDENTIFIER = "com.china-ccw.MapWorld-SwiftTests";
				PRODUCT_NAME = "$(TARGET_NAME)";
				SWIFT_VERSION = 5.0;
				TARGETED_DEVICE_FAMILY = "1,2";
				TEST_HOST = "$(BUILT_PRODUCTS_DIR)/MapWorld-Swift.app/MapWorld-Swift";
			};
			name = Debug;
		};
		2E08C12722C48C48003A68A7 /* Release */ = {
			isa = XCBuildConfiguration;
			buildSettings = {
				ALWAYS_EMBED_SWIFT_STANDARD_LIBRARIES = YES;
				BUNDLE_LOADER = "$(TEST_HOST)";
				CODE_SIGN_STYLE = Automatic;
				DEVELOPMENT_TEAM = 44VU4UWP68;
				INFOPLIST_FILE = "MapWorld-SwiftTests/Info.plist";
				LD_RUNPATH_SEARCH_PATHS = (
					"$(inherited)",
					"@executable_path/Frameworks",
					"@loader_path/Frameworks",
				);
				PRODUCT_BUNDLE_IDENTIFIER = "com.china-ccw.MapWorld-SwiftTests";
				PRODUCT_NAME = "$(TARGET_NAME)";
				SWIFT_VERSION = 5.0;
				TARGETED_DEVICE_FAMILY = "1,2";
				TEST_HOST = "$(BUILT_PRODUCTS_DIR)/MapWorld-Swift.app/MapWorld-Swift";
			};
			name = Release;
		};
		2E08C12922C48C48003A68A7 /* Debug */ = {
			isa = XCBuildConfiguration;
			buildSettings = {
				ALWAYS_EMBED_SWIFT_STANDARD_LIBRARIES = YES;
				CODE_SIGN_STYLE = Automatic;
				DEVELOPMENT_TEAM = 44VU4UWP68;
				INFOPLIST_FILE = "MapWorld-SwiftUITests/Info.plist";
				LD_RUNPATH_SEARCH_PATHS = (
					"$(inherited)",
					"@executable_path/Frameworks",
					"@loader_path/Frameworks",
				);
				PRODUCT_BUNDLE_IDENTIFIER = "com.china-ccw.MapWorld-SwiftUITests";
				PRODUCT_NAME = "$(TARGET_NAME)";
				SWIFT_VERSION = 5.0;
				TARGETED_DEVICE_FAMILY = "1,2";
				TEST_TARGET_NAME = "MapWorld-Swift";
			};
			name = Debug;
		};
		2E08C12A22C48C48003A68A7 /* Release */ = {
			isa = XCBuildConfiguration;
			buildSettings = {
				ALWAYS_EMBED_SWIFT_STANDARD_LIBRARIES = YES;
				CODE_SIGN_STYLE = Automatic;
				DEVELOPMENT_TEAM = 44VU4UWP68;
				INFOPLIST_FILE = "MapWorld-SwiftUITests/Info.plist";
				LD_RUNPATH_SEARCH_PATHS = (
					"$(inherited)",
					"@executable_path/Frameworks",
					"@loader_path/Frameworks",
				);
				PRODUCT_BUNDLE_IDENTIFIER = "com.china-ccw.MapWorld-SwiftUITests";
				PRODUCT_NAME = "$(TARGET_NAME)";
				SWIFT_VERSION = 5.0;
				TARGETED_DEVICE_FAMILY = "1,2";
				TEST_TARGET_NAME = "MapWorld-Swift";
			};
			name = Release;
		};
/* End XCBuildConfiguration section */

/* Begin XCConfigurationList section */
		2E08C0F522C48C47003A68A7 /* Build configuration list for PBXProject "MapWorld-Swift" */ = {
			isa = XCConfigurationList;
			buildConfigurations = (
				2E08C12022C48C48003A68A7 /* Debug */,
				2E08C12122C48C48003A68A7 /* Release */,
			);
			defaultConfigurationIsVisible = 0;
			defaultConfigurationName = Release;
		};
		2E08C12222C48C48003A68A7 /* Build configuration list for PBXNativeTarget "MapWorld-Swift" */ = {
			isa = XCConfigurationList;
			buildConfigurations = (
				2E08C12322C48C48003A68A7 /* Debug */,
				2E08C12422C48C48003A68A7 /* Release */,
			);
			defaultConfigurationIsVisible = 0;
			defaultConfigurationName = Release;
		};
		2E08C12522C48C48003A68A7 /* Build configuration list for PBXNativeTarget "MapWorld-SwiftTests" */ = {
			isa = XCConfigurationList;
			buildConfigurations = (
				2E08C12622C48C48003A68A7 /* Debug */,
				2E08C12722C48C48003A68A7 /* Release */,
			);
			defaultConfigurationIsVisible = 0;
			defaultConfigurationName = Release;
		};
		2E08C12822C48C48003A68A7 /* Build configuration list for PBXNativeTarget "MapWorld-SwiftUITests" */ = {
			isa = XCConfigurationList;
			buildConfigurations = (
				2E08C12922C48C48003A68A7 /* Debug */,
				2E08C12A22C48C48003A68A7 /* Release */,
			);
			defaultConfigurationIsVisible = 0;
			defaultConfigurationName = Release;
		};
/* End XCConfigurationList section */
	};
	rootObject = 2E08C0F222C48C47003A68A7 /* Project object */;
}
